// !$*UTF8*$!
{
	archiveVersion = 1;
	classes = {
	};
	objectVersion = 46;
	objects = {

/* Begin PBXBuildFile section */
		A562BA901D07A54800428C3D /* AppDelegate.swift in Sources */ = {isa = PBXBuildFile; fileRef = A562BA8F1D07A54800428C3D /* AppDelegate.swift */; };
		A562BA951D07A54800428C3D /* Main.storyboard in Resources */ = {isa = PBXBuildFile; fileRef = A562BA931D07A54800428C3D /* Main.storyboard */; };
		A562BA971D07A54800428C3D /* Assets.xcassets in Resources */ = {isa = PBXBuildFile; fileRef = A562BA961D07A54800428C3D /* Assets.xcassets */; };
		A562BA9A1D07A54800428C3D /* LaunchScreen.storyboard in Resources */ = {isa = PBXBuildFile; fileRef = A562BA981D07A54800428C3D /* LaunchScreen.storyboard */; };
		A562BAA31D07A66E00428C3D /* Entity.swift in Sources */ = {isa = PBXBuildFile; fileRef = A562BAA21D07A66E00428C3D /* Entity.swift */; };
		A562BAA51D07A69100428C3D /* EntitiesHelper.swift in Sources */ = {isa = PBXBuildFile; fileRef = A562BAA41D07A69100428C3D /* EntitiesHelper.swift */; };
		A562BAA81D07A6F200428C3D /* TechCompaniesListViewController.swift in Sources */ = {isa = PBXBuildFile; fileRef = A562BAA71D07A6F200428C3D /* TechCompaniesListViewController.swift */; };
		A562BAAA1D07A74C00428C3D /* TechCompanyDetailViewController.swift in Sources */ = {isa = PBXBuildFile; fileRef = A562BAA91D07A74C00428C3D /* TechCompanyDetailViewController.swift */; };
		A562BACA1D07F8A200428C3D /* ViewController.swift in Sources */ = {isa = PBXBuildFile; fileRef = A562BAC91D07F8A200428C3D /* ViewController.swift */; };
/* End PBXBuildFile section */

/* Begin PBXFileReference section */
		A562BA8C1D07A54800428C3D /* TechCompanies.app */ = {isa = PBXFileReference; explicitFileType = wrapper.application; includeInIndex = 0; path = TechCompanies.app; sourceTree = BUILT_PRODUCTS_DIR; };
		A562BA8F1D07A54800428C3D /* AppDelegate.swift */ = {isa = PBXFileReference; lastKnownFileType = sourcecode.swift; path = AppDelegate.swift; sourceTree = "<group>"; };
		A562BA941D07A54800428C3D /* Base */ = {isa = PBXFileReference; lastKnownFileType = file.storyboard; name = Base; path = Base.lproj/Main.storyboard; sourceTree = "<group>"; };
		A562BA961D07A54800428C3D /* Assets.xcassets */ = {isa = PBXFileReference; lastKnownFileType = folder.assetcatalog; path = Assets.xcassets; sourceTree = "<group>"; };
		A562BA991D07A54800428C3D /* Base */ = {isa = PBXFileReference; lastKnownFileType = file.storyboard; name = Base; path = Base.lproj/LaunchScreen.storyboard; sourceTree = "<group>"; };
		A562BA9B1D07A54800428C3D /* Info.plist */ = {isa = PBXFileReference; lastKnownFileType = text.plist.xml; path = Info.plist; sourceTree = "<group>"; };
		A562BAA21D07A66E00428C3D /* Entity.swift */ = {isa = PBXFileReference; fileEncoding = 4; lastKnownFileType = sourcecode.swift; path = Entity.swift; sourceTree = "<group>"; };
		A562BAA41D07A69100428C3D /* EntitiesHelper.swift */ = {isa = PBXFileReference; fileEncoding = 4; lastKnownFileType = sourcecode.swift; path = EntitiesHelper.swift; sourceTree = "<group>"; };
		A562BAA71D07A6F200428C3D /* TechCompaniesListViewController.swift */ = {isa = PBXFileReference; fileEncoding = 4; lastKnownFileType = sourcecode.swift; path = TechCompaniesListViewController.swift; sourceTree = "<group>"; };
		A562BAA91D07A74C00428C3D /* TechCompanyDetailViewController.swift */ = {isa = PBXFileReference; fileEncoding = 4; lastKnownFileType = sourcecode.swift; path = TechCompanyDetailViewController.swift; sourceTree = "<group>"; };
		A562BAC91D07F8A200428C3D /* ViewController.swift */ = {isa = PBXFileReference; fileEncoding = 4; lastKnownFileType = sourcecode.swift; path = ViewController.swift; sourceTree = "<group>"; };
/* End PBXFileReference section */

/* Begin PBXFrameworksBuildPhase section */
		A562BA891D07A54700428C3D /* Frameworks */ = {
			isa = PBXFrameworksBuildPhase;
			buildActionMask = 2147483647;
			files = (
			);
			runOnlyForDeploymentPostprocessing = 0;
		};
/* End PBXFrameworksBuildPhase section */

/* Begin PBXGroup section */
		A562BA831D07A54700428C3D = {
			isa = PBXGroup;
			children = (
				A562BA8E1D07A54800428C3D /* TechCompanies */,
				A562BA8D1D07A54800428C3D /* Products */,
			);
			sourceTree = "<group>";
		};
		A562BA8D1D07A54800428C3D /* Products */ = {
			isa = PBXGroup;
			children = (
				A562BA8C1D07A54800428C3D /* TechCompanies.app */,
			);
			name = Products;
			sourceTree = "<group>";
		};
		A562BA8E1D07A54800428C3D /* TechCompanies */ = {
			isa = PBXGroup;
			children = (
				A562BAA61D07A6A500428C3D /* ViewControllers */,
				A562BAA11D07A63400428C3D /* Models */,
				A562BA8F1D07A54800428C3D /* AppDelegate.swift */,
				A562BA931D07A54800428C3D /* Main.storyboard */,
				A562BAC91D07F8A200428C3D /* ViewController.swift */,
				A562BA961D07A54800428C3D /* Assets.xcassets */,
				A562BA981D07A54800428C3D /* LaunchScreen.storyboard */,
				A562BA9B1D07A54800428C3D /* Info.plist */,
			);
			path = TechCompanies;
			sourceTree = "<group>";
		};
		A562BAA11D07A63400428C3D /* Models */ = {
			isa = PBXGroup;
			children = (
				A562BAA21D07A66E00428C3D /* Entity.swift */,
				A562BAA41D07A69100428C3D /* EntitiesHelper.swift */,
			);
			name = Models;
			sourceTree = "<group>";
		};
		A562BAA61D07A6A500428C3D /* ViewControllers */ = {
			isa = PBXGroup;
			children = (
				A562BAA71D07A6F200428C3D /* TechCompaniesListViewController.swift */,
				A562BAA91D07A74C00428C3D /* TechCompanyDetailViewController.swift */,
			);
			name = ViewControllers;
			sourceTree = "<group>";
		};
/* End PBXGroup section */

/* Begin PBXNativeTarget section */
		A562BA8B1D07A54700428C3D /* TechCompanies */ = {
			isa = PBXNativeTarget;
			buildConfigurationList = A562BA9E1D07A54800428C3D /* Build configuration list for PBXNativeTarget "TechCompanies" */;
			buildPhases = (
				A562BA881D07A54700428C3D /* Sources */,
				A562BA891D07A54700428C3D /* Frameworks */,
				A562BA8A1D07A54700428C3D /* Resources */,
			);
			buildRules = (
			);
			dependencies = (
			);
			name = TechCompanies;
			productName = TechCompanies;
			productReference = A562BA8C1D07A54800428C3D /* TechCompanies.app */;
			productType = "com.apple.product-type.application";
		};
/* End PBXNativeTarget section */

/* Begin PBXProject section */
		A562BA841D07A54700428C3D /* Project object */ = {
			isa = PBXProject;
			attributes = {
				LastSwiftUpdateCheck = 0730;
				LastUpgradeCheck = 0730;
				ORGANIZATIONNAME = Holberton;
				TargetAttributes = {
					A562BA8B1D07A54700428C3D = {
						CreatedOnToolsVersion = 7.3.1;
						DevelopmentTeam = 88ZX5N5MJV;
					};
				};
			};
			buildConfigurationList = A562BA871D07A54700428C3D /* Build configuration list for PBXProject "TechCompanies" */;
			compatibilityVersion = "Xcode 3.2";
			developmentRegion = English;
			hasScannedForEncodings = 0;
			knownRegions = (
				en,
				Base,
			);
			mainGroup = A562BA831D07A54700428C3D;
			productRefGroup = A562BA8D1D07A54800428C3D /* Products */;
			projectDirPath = "";
			projectRoot = "";
			targets = (
				A562BA8B1D07A54700428C3D /* TechCompanies */,
			);
		};
/* End PBXProject section */

/* Begin PBXResourcesBuildPhase section */
		A562BA8A1D07A54700428C3D /* Resources */ = {
			isa = PBXResourcesBuildPhase;
			buildActionMask = 2147483647;
			files = (
				A562BA9A1D07A54800428C3D /* LaunchScreen.storyboard in Resources */,
				A562BA971D07A54800428C3D /* Assets.xcassets in Resources */,
				A562BA951D07A54800428C3D /* Main.storyboard in Resources */,
			);
			runOnlyForDeploymentPostprocessing = 0;
		};
/* End PBXResourcesBuildPhase section */

/* Begin PBXSourcesBuildPhase section */
		A562BA881D07A54700428C3D /* Sources */ = {
			isa = PBXSourcesBuildPhase;
			buildActionMask = 2147483647;
			files = (
				A562BACA1D07F8A200428C3D /* ViewController.swift in Sources */,
				A562BAA51D07A69100428C3D /* EntitiesHelper.swift in Sources */,
				A562BA901D07A54800428C3D /* AppDelegate.swift in Sources */,
				A562BAA81D07A6F200428C3D /* TechCompaniesListViewController.swift in Sources */,
				A562BAA31D07A66E00428C3D /* Entity.swift in Sources */,
				A562BAAA1D07A74C00428C3D /* TechCompanyDetailViewController.swift in Sources */,
			);
			runOnlyForDeploymentPostprocessing = 0;
		};
/* End PBXSourcesBuildPhase section */

/* Begin PBXVariantGroup section */
		A562BA931D07A54800428C3D /* Main.storyboard */ = {
			isa = PBXVariantGroup;
			children = (
				A562BA941D07A54800428C3D /* Base */,
			);
			name = Main.storyboard;
			sourceTree = "<group>";
		};
		A562BA981D07A54800428C3D /* LaunchScreen.storyboard */ = {
			isa = PBXVariantGroup;
			children = (
				A562BA991D07A54800428C3D /* Base */,
			);
			name = LaunchScreen.storyboard;
			sourceTree = "<group>";
		};
/* End PBXVariantGroup section */

/* Begin XCBuildConfiguration section */
		A562BA9C1D07A54800428C3D /* Debug */ = {
			isa = XCBuildConfiguration;
			buildSettings = {
				ALWAYS_SEARCH_USER_PATHS = NO;
				CLANG_ANALYZER_NONNULL = YES;
				CLANG_CXX_LANGUAGE_STANDARD = "gnu++0x";
				CLANG_CXX_LIBRARY = "libc++";
				CLANG_ENABLE_MODULES = YES;
				CLANG_ENABLE_OBJC_ARC = YES;
				CLANG_WARN_BOOL_CONVERSION = YES;
				CLANG_WARN_CONSTANT_CONVERSION = YES;
				CLANG_WARN_DIRECT_OBJC_ISA_USAGE = YES_ERROR;
				CLANG_WARN_EMPTY_BODY = YES;
				CLANG_WARN_ENUM_CONVERSION = YES;
				CLANG_WARN_INT_CONVERSION = YES;
				CLANG_WARN_OBJC_ROOT_CLASS = YES_ERROR;
				CLANG_WARN_UNREACHABLE_CODE = YES;
				CLANG_WARN__DUPLICATE_METHOD_MATCH = YES;
				"CODE_SIGN_IDENTITY[sdk=iphoneos*]" = "iPhone Developer";
				COPY_PHASE_STRIP = NO;
				DEBUG_INFORMATION_FORMAT = dwarf;
				ENABLE_STRICT_OBJC_MSGSEND = YES;
				ENABLE_TESTABILITY = YES;
				GCC_C_LANGUAGE_STANDARD = gnu99;
				GCC_DYNAMIC_NO_PIC = NO;
				GCC_NO_COMMON_BLOCKS = YES;
				GCC_OPTIMIZATION_LEVEL = 0;
				GCC_PREPROCESSOR_DEFINITIONS = (
					"DEBUG=1",
					"$(inherited)",
				);
				GCC_WARN_64_TO_32_BIT_CONVERSION = YES;
				GCC_WARN_ABOUT_RETURN_TYPE = YES_ERROR;
				GCC_WARN_UNDECLARED_SELECTOR = YES;
				GCC_WARN_UNINITIALIZED_AUTOS = YES_AGGRESSIVE;
				GCC_WARN_UNUSED_FUNCTION = YES;
				GCC_WARN_UNUSED_VARIABLE = YES;
				IPHONEOS_DEPLOYMENT_TARGET = 9.3;
				MTL_ENABLE_DEBUG_INFO = YES;
				ONLY_ACTIVE_ARCH = YES;
				SDKROOT = iphoneos;
				SWIFT_OPTIMIZATION_LEVEL = "-Onone";
			};
			name = Debug;
		};
		A562BA9D1D07A54800428C3D /* Release */ = {
			isa = XCBuildConfiguration;
			buildSettings = {
				ALWAYS_SEARCH_USER_PATHS = NO;
				CLANG_ANALYZER_NONNULL = YES;
				CLANG_CXX_LANGUAGE_STANDARD = "gnu++0x";
				CLANG_CXX_LIBRARY = "libc++";
				CLANG_ENABLE_MODULES = YES;
				CLANG_ENABLE_OBJC_ARC = YES;
				CLANG_WARN_BOOL_CONVERSION = YES;
				CLANG_WARN_CONSTANT_CONVERSION = YES;
				CLANG_WARN_DIRECT_OBJC_ISA_USAGE = YES_ERROR;
				CLANG_WARN_EMPTY_BODY = YES;
				CLANG_WARN_ENUM_CONVERSION = YES;
				CLANG_WARN_INT_CONVERSION = YES;
				CLANG_WARN_OBJC_ROOT_CLASS = YES_ERROR;
				CLANG_WARN_UNREACHABLE_CODE = YES;
				CLANG_WARN__DUPLICATE_METHOD_MATCH = YES;
				"CODE_SIGN_IDENTITY[sdk=iphoneos*]" = "iPhone Developer";
				COPY_PHASE_STRIP = NO;
				DEBUG_INFORMATION_FORMAT = "dwarf-with-dsym";
				ENABLE_NS_ASSERTIONS = NO;
				ENABLE_STRICT_OBJC_MSGSEND = YES;
				GCC_C_LANGUAGE_STANDARD = gnu99;
				GCC_NO_COMMON_BLOCKS = YES;
				GCC_WARN_64_TO_32_BIT_CONVERSION = YES;
				GCC_WARN_ABOUT_RETURN_TYPE = YES_ERROR;
				GCC_WARN_UNDECLARED_SELECTOR = YES;
				GCC_WARN_UNINITIALIZED_AUTOS = YES_AGGRESSIVE;
				GCC_WARN_UNUSED_FUNCTION = YES;
				GCC_WARN_UNUSED_VARIABLE = YES;
				IPHONEOS_DEPLOYMENT_TARGET = 9.3;
				MTL_ENABLE_DEBUG_INFO = NO;
				SDKROOT = iphoneos;
				VALIDATE_PRODUCT = YES;
			};
			name = Release;
		};
		A562BA9F1D07A54800428C3D /* Debug */ = {
			isa = XCBuildConfiguration;
			buildSettings = {
				ASSETCATALOG_COMPILER_APPICON_NAME = AppIcon;
				INFOPLIST_FILE = TechCompanies/Info.plist;
				LD_RUNPATH_SEARCH_PATHS = "$(inherited) @executable_path/Frameworks";
				PRODUCT_BUNDLE_IDENTIFIER = Mason.TechCompanies;
				PRODUCT_NAME = "$(TARGET_NAME)";
			};
			name = Debug;
		};
		A562BAA01D07A54800428C3D /* Release */ = {
			isa = XCBuildConfiguration;
			buildSettings = {
				ASSETCATALOG_COMPILER_APPICON_NAME = AppIcon;
				INFOPLIST_FILE = TechCompanies/Info.plist;
				LD_RUNPATH_SEARCH_PATHS = "$(inherited) @executable_path/Frameworks";
				PRODUCT_BUNDLE_IDENTIFIER = Mason.TechCompanies;
				PRODUCT_NAME = "$(TARGET_NAME)";
			};
			name = Release;
		};
/* End XCBuildConfiguration section */

/* Begin XCConfigurationList section */
		A562BA871D07A54700428C3D /* Build configuration list for PBXProject "TechCompanies" */ = {
			isa = XCConfigurationList;
			buildConfigurations = (
				A562BA9C1D07A54800428C3D /* Debug */,
				A562BA9D1D07A54800428C3D /* Release */,
			);
			defaultConfigurationIsVisible = 0;
			defaultConfigurationName = Release;
		};
		A562BA9E1D07A54800428C3D /* Build configuration list for PBXNativeTarget "TechCompanies" */ = {
			isa = XCConfigurationList;
			buildConfigurations = (
				A562BA9F1D07A54800428C3D /* Debug */,
				A562BAA01D07A54800428C3D /* Release */,
			);
			defaultConfigurationIsVisible = 0;
		};
/* End XCConfigurationList section */
	};
	rootObject = A562BA841D07A54700428C3D /* Project object */;
}
