// !$*UTF8*$!
{
	archiveVersion = 1;
	classes = {
	};
	objectVersion = 46;
	objects = {

/* Begin PBXBuildFile section */
		A54EB59F1CF8D9EC00B7672D /* AppDelegate.swift in Sources */ = {isa = PBXBuildFile; fileRef = A54EB59E1CF8D9EC00B7672D /* AppDelegate.swift */; };
		A54EB5A41CF8D9EC00B7672D /* Main.storyboard in Resources */ = {isa = PBXBuildFile; fileRef = A54EB5A21CF8D9EC00B7672D /* Main.storyboard */; };
		A54EB5A61CF8D9EC00B7672D /* Assets.xcassets in Resources */ = {isa = PBXBuildFile; fileRef = A54EB5A51CF8D9EC00B7672D /* Assets.xcassets */; };
		A54EB5A91CF8D9EC00B7672D /* LaunchScreen.storyboard in Resources */ = {isa = PBXBuildFile; fileRef = A54EB5A71CF8D9EC00B7672D /* LaunchScreen.storyboard */; };
		A54EB5B21CF8DC8700B7672D /* TechCompaniesHelper.swift in Sources */ = {isa = PBXBuildFile; fileRef = A54EB5B11CF8DC8700B7672D /* TechCompaniesHelper.swift */; };
		A54EB5B51CF8DE8600B7672D /* CompaniesListViewController.swift in Sources */ = {isa = PBXBuildFile; fileRef = A54EB5B41CF8DE8600B7672D /* CompaniesListViewController.swift */; };
/* End PBXBuildFile section */

/* Begin PBXFileReference section */
		A54EB59B1CF8D9EC00B7672D /* SiliconValleyCompanies.app */ = {isa = PBXFileReference; explicitFileType = wrapper.application; includeInIndex = 0; path = SiliconValleyCompanies.app; sourceTree = BUILT_PRODUCTS_DIR; };
		A54EB59E1CF8D9EC00B7672D /* AppDelegate.swift */ = {isa = PBXFileReference; lastKnownFileType = sourcecode.swift; path = AppDelegate.swift; sourceTree = "<group>"; };
		A54EB5A31CF8D9EC00B7672D /* Base */ = {isa = PBXFileReference; lastKnownFileType = file.storyboard; name = Base; path = Base.lproj/Main.storyboard; sourceTree = "<group>"; };
		A54EB5A51CF8D9EC00B7672D /* Assets.xcassets */ = {isa = PBXFileReference; lastKnownFileType = folder.assetcatalog; path = Assets.xcassets; sourceTree = "<group>"; };
		A54EB5A81CF8D9EC00B7672D /* Base */ = {isa = PBXFileReference; lastKnownFileType = file.storyboard; name = Base; path = Base.lproj/LaunchScreen.storyboard; sourceTree = "<group>"; };
		A54EB5AA1CF8D9EC00B7672D /* Info.plist */ = {isa = PBXFileReference; lastKnownFileType = text.plist.xml; path = Info.plist; sourceTree = "<group>"; };
		A54EB5B11CF8DC8700B7672D /* TechCompaniesHelper.swift */ = {isa = PBXFileReference; fileEncoding = 4; lastKnownFileType = sourcecode.swift; path = TechCompaniesHelper.swift; sourceTree = "<group>"; };
		A54EB5B41CF8DE8600B7672D /* CompaniesListViewController.swift */ = {isa = PBXFileReference; fileEncoding = 4; lastKnownFileType = sourcecode.swift; path = CompaniesListViewController.swift; sourceTree = "<group>"; };
/* End PBXFileReference section */

/* Begin PBXFrameworksBuildPhase section */
		A54EB5981CF8D9EC00B7672D /* Frameworks */ = {
			isa = PBXFrameworksBuildPhase;
			buildActionMask = 2147483647;
			files = (
			);
			runOnlyForDeploymentPostprocessing = 0;
		};
/* End PBXFrameworksBuildPhase section */

/* Begin PBXGroup section */
		A54EB5921CF8D9EC00B7672D = {
			isa = PBXGroup;
			children = (
				A54EB59D1CF8D9EC00B7672D /* SiliconValleyCompanies */,
				A54EB59C1CF8D9EC00B7672D /* Products */,
			);
			sourceTree = "<group>";
		};
		A54EB59C1CF8D9EC00B7672D /* Products */ = {
			isa = PBXGroup;
			children = (
				A54EB59B1CF8D9EC00B7672D /* SiliconValleyCompanies.app */,
			);
			name = Products;
			sourceTree = "<group>";
		};
		A54EB59D1CF8D9EC00B7672D /* SiliconValleyCompanies */ = {
			isa = PBXGroup;
			children = (
				A54EB5B61CF8E12000B7672D /* Views */,
				A54EB5B31CF8DDEB00B7672D /* ViewControllers */,
				A54EB5B01CF8DC4C00B7672D /* Models */,
				A54EB59E1CF8D9EC00B7672D /* AppDelegate.swift */,
				A54EB5A51CF8D9EC00B7672D /* Assets.xcassets */,
				A54EB5A71CF8D9EC00B7672D /* LaunchScreen.storyboard */,
				A54EB5AA1CF8D9EC00B7672D /* Info.plist */,
			);
			path = SiliconValleyCompanies;
			sourceTree = "<group>";
		};
		A54EB5B01CF8DC4C00B7672D /* Models */ = {
			isa = PBXGroup;
			children = (
				A54EB5B11CF8DC8700B7672D /* TechCompaniesHelper.swift */,
			);
			name = Models;
			sourceTree = "<group>";
		};
		A54EB5B31CF8DDEB00B7672D /* ViewControllers */ = {
			isa = PBXGroup;
			children = (
				A54EB5B41CF8DE8600B7672D /* CompaniesListViewController.swift */,
			);
			name = ViewControllers;
			sourceTree = "<group>";
		};
		A54EB5B61CF8E12000B7672D /* Views */ = {
			isa = PBXGroup;
			children = (
				A54EB5A21CF8D9EC00B7672D /* Main.storyboard */,
			);
			name = Views;
			sourceTree = "<group>";
		};
/* End PBXGroup section */

/* Begin PBXNativeTarget section */
		A54EB59A1CF8D9EC00B7672D /* SiliconValleyCompanies */ = {
			isa = PBXNativeTarget;
			buildConfigurationList = A54EB5AD1CF8D9ED00B7672D /* Build configuration list for PBXNativeTarget "SiliconValleyCompanies" */;
			buildPhases = (
				A54EB5971CF8D9EC00B7672D /* Sources */,
				A54EB5981CF8D9EC00B7672D /* Frameworks */,
				A54EB5991CF8D9EC00B7672D /* Resources */,
			);
			buildRules = (
			);
			dependencies = (
			);
			name = SiliconValleyCompanies;
			productName = SiliconValleyCompanies;
			productReference = A54EB59B1CF8D9EC00B7672D /* SiliconValleyCompanies.app */;
			productType = "com.apple.product-type.application";
		};
/* End PBXNativeTarget section */

/* Begin PBXProject section */
		A54EB5931CF8D9EC00B7672D /* Project object */ = {
			isa = PBXProject;
			attributes = {
				LastSwiftUpdateCheck = 0730;
				LastUpgradeCheck = 0730;
				ORGANIZATIONNAME = Icarus;
				TargetAttributes = {
					A54EB59A1CF8D9EC00B7672D = {
						CreatedOnToolsVersion = 7.3.1;
					};
				};
			};
			buildConfigurationList = A54EB5961CF8D9EC00B7672D /* Build configuration list for PBXProject "SiliconValleyCompanies" */;
			compatibilityVersion = "Xcode 3.2";
			developmentRegion = English;
			hasScannedForEncodings = 0;
			knownRegions = (
				en,
				Base,
			);
			mainGroup = A54EB5921CF8D9EC00B7672D;
			productRefGroup = A54EB59C1CF8D9EC00B7672D /* Products */;
			projectDirPath = "";
			projectRoot = "";
			targets = (
				A54EB59A1CF8D9EC00B7672D /* SiliconValleyCompanies */,
			);
		};
/* End PBXProject section */

/* Begin PBXResourcesBuildPhase section */
		A54EB5991CF8D9EC00B7672D /* Resources */ = {
			isa = PBXResourcesBuildPhase;
			buildActionMask = 2147483647;
			files = (
				A54EB5A91CF8D9EC00B7672D /* LaunchScreen.storyboard in Resources */,
				A54EB5A61CF8D9EC00B7672D /* Assets.xcassets in Resources */,
				A54EB5A41CF8D9EC00B7672D /* Main.storyboard in Resources */,
			);
			runOnlyForDeploymentPostprocessing = 0;
		};
/* End PBXResourcesBuildPhase section */

/* Begin PBXSourcesBuildPhase section */
		A54EB5971CF8D9EC00B7672D /* Sources */ = {
			isa = PBXSourcesBuildPhase;
			buildActionMask = 2147483647;
			files = (
				A54EB59F1CF8D9EC00B7672D /* AppDelegate.swift in Sources */,
				A54EB5B51CF8DE8600B7672D /* CompaniesListViewController.swift in Sources */,
				A54EB5B21CF8DC8700B7672D /* TechCompaniesHelper.swift in Sources */,
			);
			runOnlyForDeploymentPostprocessing = 0;
		};
/* End PBXSourcesBuildPhase section */

/* Begin PBXVariantGroup section */
		A54EB5A21CF8D9EC00B7672D /* Main.storyboard */ = {
			isa = PBXVariantGroup;
			children = (
				A54EB5A31CF8D9EC00B7672D /* Base */,
			);
			name = Main.storyboard;
			sourceTree = "<group>";
		};
		A54EB5A71CF8D9EC00B7672D /* LaunchScreen.storyboard */ = {
			isa = PBXVariantGroup;
			children = (
				A54EB5A81CF8D9EC00B7672D /* Base */,
			);
			name = LaunchScreen.storyboard;
			sourceTree = "<group>";
		};
/* End PBXVariantGroup section */

/* Begin XCBuildConfiguration section */
		A54EB5AB1CF8D9EC00B7672D /* Debug */ = {
			isa = XCBuildConfiguration;
			buildSettings = {
				ALWAYS_SEARCH_USER_PATHS = NO;
				CLANG_ANALYZER_NONNULL = YES;
				CLANG_CXX_LANGUAGE_STANDARD = "gnu++0x";
				CLANG_CXX_LIBRARY = "libc++";
				CLANG_ENABLE_MODULES = YES;
				CLANG_ENABLE_OBJC_ARC = YES;
				CLANG_WARN_BOOL_CONVERSION = YES;
				CLANG_WARN_CONSTANT_CONVERSION = YES;
				CLANG_WARN_DIRECT_OBJC_ISA_USAGE = YES_ERROR;
				CLANG_WARN_EMPTY_BODY = YES;
				CLANG_WARN_ENUM_CONVERSION = YES;
				CLANG_WARN_INT_CONVERSION = YES;
				CLANG_WARN_OBJC_ROOT_CLASS = YES_ERROR;
				CLANG_WARN_UNREACHABLE_CODE = YES;
				CLANG_WARN__DUPLICATE_METHOD_MATCH = YES;
				"CODE_SIGN_IDENTITY[sdk=iphoneos*]" = "iPhone Developer";
				COPY_PHASE_STRIP = NO;
				DEBUG_INFORMATION_FORMAT = dwarf;
				ENABLE_STRICT_OBJC_MSGSEND = YES;
				ENABLE_TESTABILITY = YES;
				GCC_C_LANGUAGE_STANDARD = gnu99;
				GCC_DYNAMIC_NO_PIC = NO;
				GCC_NO_COMMON_BLOCKS = YES;
				GCC_OPTIMIZATION_LEVEL = 0;
				GCC_PREPROCESSOR_DEFINITIONS = (
					"DEBUG=1",
					"$(inherited)",
				);
				GCC_WARN_64_TO_32_BIT_CONVERSION = YES;
				GCC_WARN_ABOUT_RETURN_TYPE = YES_ERROR;
				GCC_WARN_UNDECLARED_SELECTOR = YES;
				GCC_WARN_UNINITIALIZED_AUTOS = YES_AGGRESSIVE;
				GCC_WARN_UNUSED_FUNCTION = YES;
				GCC_WARN_UNUSED_VARIABLE = YES;
				IPHONEOS_DEPLOYMENT_TARGET = 9.3;
				MTL_ENABLE_DEBUG_INFO = YES;
				ONLY_ACTIVE_ARCH = YES;
				SDKROOT = iphoneos;
				SWIFT_OPTIMIZATION_LEVEL = "-Onone";
			};
			name = Debug;
		};
		A54EB5AC1CF8D9EC00B7672D /* Release */ = {
			isa = XCBuildConfiguration;
			buildSettings = {
				ALWAYS_SEARCH_USER_PATHS = NO;
				CLANG_ANALYZER_NONNULL = YES;
				CLANG_CXX_LANGUAGE_STANDARD = "gnu++0x";
				CLANG_CXX_LIBRARY = "libc++";
				CLANG_ENABLE_MODULES = YES;
				CLANG_ENABLE_OBJC_ARC = YES;
				CLANG_WARN_BOOL_CONVERSION = YES;
				CLANG_WARN_CONSTANT_CONVERSION = YES;
				CLANG_WARN_DIRECT_OBJC_ISA_USAGE = YES_ERROR;
				CLANG_WARN_EMPTY_BODY = YES;
				CLANG_WARN_ENUM_CONVERSION = YES;
				CLANG_WARN_INT_CONVERSION = YES;
				CLANG_WARN_OBJC_ROOT_CLASS = YES_ERROR;
				CLANG_WARN_UNREACHABLE_CODE = YES;
				CLANG_WARN__DUPLICATE_METHOD_MATCH = YES;
				"CODE_SIGN_IDENTITY[sdk=iphoneos*]" = "iPhone Developer";
				COPY_PHASE_STRIP = NO;
				DEBUG_INFORMATION_FORMAT = "dwarf-with-dsym";
				ENABLE_NS_ASSERTIONS = NO;
				ENABLE_STRICT_OBJC_MSGSEND = YES;
				GCC_C_LANGUAGE_STANDARD = gnu99;
				GCC_NO_COMMON_BLOCKS = YES;
				GCC_WARN_64_TO_32_BIT_CONVERSION = YES;
				GCC_WARN_ABOUT_RETURN_TYPE = YES_ERROR;
				GCC_WARN_UNDECLARED_SELECTOR = YES;
				GCC_WARN_UNINITIALIZED_AUTOS = YES_AGGRESSIVE;
				GCC_WARN_UNUSED_FUNCTION = YES;
				GCC_WARN_UNUSED_VARIABLE = YES;
				IPHONEOS_DEPLOYMENT_TARGET = 9.3;
				MTL_ENABLE_DEBUG_INFO = NO;
				SDKROOT = iphoneos;
				VALIDATE_PRODUCT = YES;
			};
			name = Release;
		};
		A54EB5AE1CF8D9ED00B7672D /* Debug */ = {
			isa = XCBuildConfiguration;
			buildSettings = {
				ASSETCATALOG_COMPILER_APPICON_NAME = AppIcon;
				CODE_SIGN_IDENTITY = "iPhone Developer";
				"CODE_SIGN_IDENTITY[sdk=iphoneos*]" = "iPhone Developer";
				INFOPLIST_FILE = SiliconValleyCompanies/Info.plist;
				LD_RUNPATH_SEARCH_PATHS = "$(inherited) @executable_path/Frameworks";
				PRODUCT_BUNDLE_IDENTIFIER = Mason.SiliconValleyCompanies;
				PRODUCT_NAME = "$(TARGET_NAME)";
				PROVISIONING_PROFILE = "";
			};
			name = Debug;
		};
		A54EB5AF1CF8D9ED00B7672D /* Release */ = {
			isa = XCBuildConfiguration;
			buildSettings = {
				ASSETCATALOG_COMPILER_APPICON_NAME = AppIcon;
				CODE_SIGN_IDENTITY = "iPhone Developer";
				"CODE_SIGN_IDENTITY[sdk=iphoneos*]" = "iPhone Developer";
				INFOPLIST_FILE = SiliconValleyCompanies/Info.plist;
				LD_RUNPATH_SEARCH_PATHS = "$(inherited) @executable_path/Frameworks";
				PRODUCT_BUNDLE_IDENTIFIER = Mason.SiliconValleyCompanies;
				PRODUCT_NAME = "$(TARGET_NAME)";
				PROVISIONING_PROFILE = "";
			};
			name = Release;
		};
/* End XCBuildConfiguration section */

/* Begin XCConfigurationList section */
		A54EB5961CF8D9EC00B7672D /* Build configuration list for PBXProject "SiliconValleyCompanies" */ = {
			isa = XCConfigurationList;
			buildConfigurations = (
				A54EB5AB1CF8D9EC00B7672D /* Debug */,
				A54EB5AC1CF8D9EC00B7672D /* Release */,
			);
			defaultConfigurationIsVisible = 0;
			defaultConfigurationName = Release;
		};
		A54EB5AD1CF8D9ED00B7672D /* Build configuration list for PBXNativeTarget "SiliconValleyCompanies" */ = {
			isa = XCConfigurationList;
			buildConfigurations = (
				A54EB5AE1CF8D9ED00B7672D /* Debug */,
				A54EB5AF1CF8D9ED00B7672D /* Release */,
			);
			defaultConfigurationIsVisible = 0;
			defaultConfigurationName = Release;
		};
/* End XCConfigurationList section */
	};
	rootObject = A54EB5931CF8D9EC00B7672D /* Project object */;
}
